
Microsoft Visual Studio Solution File, Format Version 12.00
# Visual Studio Version 16
VisualStudioVersion = 16.0.30621.155
MinimumVisualStudioVersion = 10.0.40219.1
Project("{FAE04EC0-301F-11D3-BF4B-00C04F79EFBC}") = "Seccion7BootstrapMVC", "Seccion7BootstrapMVC\Seccion7BootstrapMVC.csproj", "{E54AE809-12A8-4C4A-B1DA-D68729292EAA}"
EndProject
Global
	GlobalSection(SolutionConfigurationPlatforms) = preSolution
		Debug|Any CPU = Debug|Any CPU
		Release|Any CPU = Release|Any CPU
	EndGlobalSection
	GlobalSection(ProjectConfigurationPlatforms) = postSolution
		{E54AE809-12A8-4C4A-B1DA-D68729292EAA}.Debug|Any CPU.ActiveCfg = Debug|Any CPU
		{E54AE809-12A8-4C4A-B1DA-D68729292EAA}.Debug|Any CPU.Build.0 = Debug|Any CPU
		{E54AE809-12A8-4C4A-B1DA-D68729292EAA}.Release|Any CPU.ActiveCfg = Release|Any CPU
		{E54AE809-12A8-4C4A-B1DA-D68729292EAA}.Release|Any CPU.Build.0 = Release|Any CPU
	EndGlobalSection
	GlobalSection(SolutionProperties) = preSolution
		HideSolutionNode = FALSE
	EndGlobalSection
	GlobalSection(ExtensibilityGlobals) = postSolution
		SolutionGuid = {76897E8B-7D2A-4192-B60F-64790805DCAA}
	EndGlobalSection
EndGlobal
