
Microsoft Visual Studio Solution File, Format Version 12.00
# Visual Studio Version 16
VisualStudioVersion = 16.0.30503.244
MinimumVisualStudioVersion = 10.0.40219.1
Project("{FAE04EC0-301F-11D3-BF4B-00C04F79EFBC}") = "Seccion4ModeloMVC", "Seccion4ModeloMVC\Seccion4ModeloMVC.csproj", "{2FDE0915-CC04-45F6-B0AE-3328F81809F5}"
EndProject
Global
	GlobalSection(SolutionConfigurationPlatforms) = preSolution
		Debug|Any CPU = Debug|Any CPU
		Release|Any CPU = Release|Any CPU
	EndGlobalSection
	GlobalSection(ProjectConfigurationPlatforms) = postSolution
		{2FDE0915-CC04-45F6-B0AE-3328F81809F5}.Debug|Any CPU.ActiveCfg = Debug|Any CPU
		{2FDE0915-CC04-45F6-B0AE-3328F81809F5}.Debug|Any CPU.Build.0 = Debug|Any CPU
		{2FDE0915-CC04-45F6-B0AE-3328F81809F5}.Release|Any CPU.ActiveCfg = Release|Any CPU
		{2FDE0915-CC04-45F6-B0AE-3328F81809F5}.Release|Any CPU.Build.0 = Release|Any CPU
	EndGlobalSection
	GlobalSection(SolutionProperties) = preSolution
		HideSolutionNode = FALSE
	EndGlobalSection
	GlobalSection(ExtensibilityGlobals) = postSolution
		SolutionGuid = {B46A9AB3-2A51-4F07-A3CB-2728D5B4ABD0}
	EndGlobalSection
EndGlobal
