
Microsoft Visual Studio Solution File, Format Version 12.00
# Visual Studio Version 16
VisualStudioVersion = 16.0.30523.141
MinimumVisualStudioVersion = 10.0.40219.1
Project("{FAE04EC0-301F-11D3-BF4B-00C04F79EFBC}") = "Seccion5WebApi", "Seccion5WebApi\Seccion5WebApi.csproj", "{CA21AC04-6CCE-401C-B8EF-BC7A73B930A4}"
EndProject
Global
	GlobalSection(SolutionConfigurationPlatforms) = preSolution
		Debug|Any CPU = Debug|Any CPU
		Release|Any CPU = Release|Any CPU
	EndGlobalSection
	GlobalSection(ProjectConfigurationPlatforms) = postSolution
		{CA21AC04-6CCE-401C-B8EF-BC7A73B930A4}.Debug|Any CPU.ActiveCfg = Debug|Any CPU
		{CA21AC04-6CCE-401C-B8EF-BC7A73B930A4}.Debug|Any CPU.Build.0 = Debug|Any CPU
		{CA21AC04-6CCE-401C-B8EF-BC7A73B930A4}.Release|Any CPU.ActiveCfg = Release|Any CPU
		{CA21AC04-6CCE-401C-B8EF-BC7A73B930A4}.Release|Any CPU.Build.0 = Release|Any CPU
	EndGlobalSection
	GlobalSection(SolutionProperties) = preSolution
		HideSolutionNode = FALSE
	EndGlobalSection
	GlobalSection(ExtensibilityGlobals) = postSolution
		SolutionGuid = {F6A9CFAD-C941-46A5-9F43-649CE88D9AED}
	EndGlobalSection
EndGlobal
